// !$*UTF8*$!
{
	archiveVersion = 1;
	classes = {
	};
	objectVersion = 56;
	objects = {

/* Begin PBXBuildFile section */
		530DA59A2A4CC2AA00FE251C /* HomeView.swift in Sources */ = {isa = PBXBuildFile; fileRef = 530DA5992A4CC2AA00FE251C /* HomeView.swift */; };
		530DA59C2A4CC2F500FE251C /* HomeViewModel.swift in Sources */ = {isa = PBXBuildFile; fileRef = 530DA59B2A4CC2F500FE251C /* HomeViewModel.swift */; };
		530DA59E2A4CD0B400FE251C /* CardView.swift in Sources */ = {isa = PBXBuildFile; fileRef = 530DA59D2A4CD0B400FE251C /* CardView.swift */; };
		530DA5A52A4D08B700FE251C /* HabitBuilderCDModel.xcdatamodeld in Sources */ = {isa = PBXBuildFile; fileRef = 530DA5A32A4D08B700FE251C /* HabitBuilderCDModel.xcdatamodeld */; };
		530DA5A72A4D09C000FE251C /* CoreDatabase.swift in Sources */ = {isa = PBXBuildFile; fileRef = 530DA5A62A4D09C000FE251C /* CoreDatabase.swift */; };
		530DA5AA2A4E102F00FE251C /* Entities.swift in Sources */ = {isa = PBXBuildFile; fileRef = 530DA5A92A4E102F00FE251C /* Entities.swift */; };
		530DA5AD2A4E4F6300FE251C /* UserCoreDataHelpers.swift in Sources */ = {isa = PBXBuildFile; fileRef = 530DA5AC2A4E4F6300FE251C /* UserCoreDataHelpers.swift */; };
		530DA5AF2A4F12A700FE251C /* BottomBorderTextFieldView.swift in Sources */ = {isa = PBXBuildFile; fileRef = 530DA5AE2A4F12A700FE251C /* BottomBorderTextFieldView.swift */; };
		530DA5B12A4F67C600FE251C /* HabitCoreDataHelper.swift in Sources */ = {isa = PBXBuildFile; fileRef = 530DA5B02A4F67C600FE251C /* HabitCoreDataHelper.swift */; };
		530DA5B32A4F6C8800FE251C /* HabitsState.swift in Sources */ = {isa = PBXBuildFile; fileRef = 530DA5B22A4F6C8800FE251C /* HabitsState.swift */; };
		53AB64E529FB046100C19CFA /* Assets.xcassets in Resources */ = {isa = PBXBuildFile; fileRef = 53AB64E429FB046100C19CFA /* Assets.xcassets */; };
		53AB64E829FB046100C19CFA /* Preview Assets.xcassets in Resources */ = {isa = PBXBuildFile; fileRef = 53AB64E729FB046100C19CFA /* Preview Assets.xcassets */; };
		53AB64FC29FB046100C19CFA /* Habit_Builder_AppUITests.swift in Sources */ = {isa = PBXBuildFile; fileRef = 53AB64FB29FB046100C19CFA /* Habit_Builder_AppUITests.swift */; };
		53AB64FE29FB046100C19CFA /* Habit_Builder_AppUITestsLaunchTests.swift in Sources */ = {isa = PBXBuildFile; fileRef = 53AB64FD29FB046100C19CFA /* Habit_Builder_AppUITestsLaunchTests.swift */; };
		53AB65472A0169F000C19CFA /* AppDelegate.swift in Sources */ = {isa = PBXBuildFile; fileRef = 53AB65462A0169F000C19CFA /* AppDelegate.swift */; };
		53AB65492A0169FD00C19CFA /* SceneDelegate.swift in Sources */ = {isa = PBXBuildFile; fileRef = 53AB65482A0169FD00C19CFA /* SceneDelegate.swift */; };
		53AB65542A049BB600C19CFA /* RootCordinator.swift in Sources */ = {isa = PBXBuildFile; fileRef = 53AB65532A049BB600C19CFA /* RootCordinator.swift */; };
		53AB65592A060D8300C19CFA /* LandingViewController.swift in Sources */ = {isa = PBXBuildFile; fileRef = 53AB65582A060D8300C19CFA /* LandingViewController.swift */; };
		53AB655B2A060D8F00C19CFA /* LandingViewModel.swift in Sources */ = {isa = PBXBuildFile; fileRef = 53AB655A2A060D8F00C19CFA /* LandingViewModel.swift */; };
		53AB655D2A060E2C00C19CFA /* LandingView.swift in Sources */ = {isa = PBXBuildFile; fileRef = 53AB655C2A060E2C00C19CFA /* LandingView.swift */; };
		53AB65602A0616D000C19CFA /* Extension+UIView.swift in Sources */ = {isa = PBXBuildFile; fileRef = 53AB655F2A0616D000C19CFA /* Extension+UIView.swift */; };
		53AB65632A06B52E00C19CFA /* Factory in Frameworks */ = {isa = PBXBuildFile; productRef = 53AB65622A06B52E00C19CFA /* Factory */; };
		53AB65652A06B56D00C19CFA /* Resolver+Dependency.swift in Sources */ = {isa = PBXBuildFile; fileRef = 53AB65642A06B56D00C19CFA /* Resolver+Dependency.swift */; };
		53AB65682A06B66200C19CFA /* ColorSystem.swift in Sources */ = {isa = PBXBuildFile; fileRef = 53AB65672A06B66200C19CFA /* ColorSystem.swift */; };
		53AB656A2A06BFEC00C19CFA /* C.swift in Sources */ = {isa = PBXBuildFile; fileRef = 53AB65692A06BFEC00C19CFA /* C.swift */; };
		53AB656D2A06C38700C19CFA /* ColorSystemConfig.swift in Sources */ = {isa = PBXBuildFile; fileRef = 53AB656C2A06C38700C19CFA /* ColorSystemConfig.swift */; };
		53AB656F2A06C5AE00C19CFA /* FontSystemConfig.swift in Sources */ = {isa = PBXBuildFile; fileRef = 53AB656E2A06C5AE00C19CFA /* FontSystemConfig.swift */; };
		53AB65712A06C5C400C19CFA /* FontSystem.swift in Sources */ = {isa = PBXBuildFile; fileRef = 53AB65702A06C5C400C19CFA /* FontSystem.swift */; };
		53AB65812A06C8D500C19CFA /* Roboto-Medium.ttf in Resources */ = {isa = PBXBuildFile; fileRef = 53AB65742A06C8D400C19CFA /* Roboto-Medium.ttf */; };
		53AB65832A06C8D500C19CFA /* Roboto-Regular.ttf in Resources */ = {isa = PBXBuildFile; fileRef = 53AB65762A06C8D400C19CFA /* Roboto-Regular.ttf */; };
		53AB658B2A06C8D500C19CFA /* Roboto-Bold.ttf in Resources */ = {isa = PBXBuildFile; fileRef = 53AB657E2A06C8D400C19CFA /* Roboto-Bold.ttf */; };
		53AB65972A0AD2EA00C19CFA /* ImageSystem.swift in Sources */ = {isa = PBXBuildFile; fileRef = 53AB65962A0AD2EA00C19CFA /* ImageSystem.swift */; };
		53AB659B2A0B3A5300C19CFA /* ButtonStyle.swift in Sources */ = {isa = PBXBuildFile; fileRef = 53AB659A2A0B3A5300C19CFA /* ButtonStyle.swift */; };
		53AB65A12A0BE7A200C19CFA /* LandingScreenSnapshotTest.swift in Sources */ = {isa = PBXBuildFile; fileRef = 53AB65A02A0BE7A200C19CFA /* LandingScreenSnapshotTest.swift */; };
		53AB65A42A0BE94F00C19CFA /* SnapshotTesting in Frameworks */ = {isa = PBXBuildFile; productRef = 53AB65A32A0BE94F00C19CFA /* SnapshotTesting */; };
		53AB65A72A0BEC5000C19CFA /* TestConfig.swift in Sources */ = {isa = PBXBuildFile; fileRef = 53AB65A62A0BEC5000C19CFA /* TestConfig.swift */; };
		53AB65AA2A0C8E6A00C19CFA /* SignUpViewController.swift in Sources */ = {isa = PBXBuildFile; fileRef = 53AB65A92A0C8E6A00C19CFA /* SignUpViewController.swift */; };
		53AB65AC2A0C8E7500C19CFA /* SignUpView.swift in Sources */ = {isa = PBXBuildFile; fileRef = 53AB65AB2A0C8E7500C19CFA /* SignUpView.swift */; };
		53AB65B02A0C8E9900C19CFA /* SignUpViewModel.swift in Sources */ = {isa = PBXBuildFile; fileRef = 53AB65AF2A0C8E9900C19CFA /* SignUpViewModel.swift */; };
		53AB65B82A11493800C19CFA /* BaseMods.swift in Sources */ = {isa = PBXBuildFile; fileRef = 53AB65B72A11493800C19CFA /* BaseMods.swift */; };
		53AB66782A1E66A600C19CFA /* TextFieldStyle.swift in Sources */ = {isa = PBXBuildFile; fileRef = 53AB66772A1E66A600C19CFA /* TextFieldStyle.swift */; };
		53AB667C2A1E8E7F00C19CFA /* OnboardingViewController.swift in Sources */ = {isa = PBXBuildFile; fileRef = 53AB667B2A1E8E7F00C19CFA /* OnboardingViewController.swift */; };
		53AB667F2A1E8EA000C19CFA /* OnboardingView.swift in Sources */ = {isa = PBXBuildFile; fileRef = 53AB667E2A1E8EA000C19CFA /* OnboardingView.swift */; };
		53AB66812A1E8EAF00C19CFA /* OnboardingViewModel.swift in Sources */ = {isa = PBXBuildFile; fileRef = 53AB66802A1E8EAF00C19CFA /* OnboardingViewModel.swift */; };
		53AB66872A30F7A900C19CFA /* IDViewController.swift in Sources */ = {isa = PBXBuildFile; fileRef = 53AB66862A30F7A900C19CFA /* IDViewController.swift */; };
		53AB668A2A3110ED00C19CFA /* NavigationTransitions.swift in Sources */ = {isa = PBXBuildFile; fileRef = 53AB66892A3110ED00C19CFA /* NavigationTransitions.swift */; };
		53AB668C2A32445800C19CFA /* Loader.swift in Sources */ = {isa = PBXBuildFile; fileRef = 53AB668B2A32445800C19CFA /* Loader.swift */; };
		53AB668F2A3253F500C19CFA /* Lottie in Frameworks */ = {isa = PBXBuildFile; productRef = 53AB668E2A3253F500C19CFA /* Lottie */; };
		53AB66922A3256D500C19CFA /* loader.json in Resources */ = {isa = PBXBuildFile; fileRef = 53AB66912A3256D500C19CFA /* loader.json */; };
		53AB66952A32878900C19CFA /* BottomSheetModal.swift in Sources */ = {isa = PBXBuildFile; fileRef = 53AB66942A32878900C19CFA /* BottomSheetModal.swift */; };
		53AB66982A33795000C19CFA /* CommonValidators.swift in Sources */ = {isa = PBXBuildFile; fileRef = 53AB66972A33795000C19CFA /* CommonValidators.swift */; };
		53AB669A2A33A3A900C19CFA /* RegularTextFieldView.swift in Sources */ = {isa = PBXBuildFile; fileRef = 53AB66992A33A3A900C19CFA /* RegularTextFieldView.swift */; };
		53AB66A02A33B2FE00C19CFA /* RegularTextFieldGroupView.swift in Sources */ = {isa = PBXBuildFile; fileRef = 53AB669F2A33B2FE00C19CFA /* RegularTextFieldGroupView.swift */; };
		53AB66A22A33C55000C19CFA /* GoogleService-Info.plist in Resources */ = {isa = PBXBuildFile; fileRef = 53AB66A12A33C55000C19CFA /* GoogleService-Info.plist */; };
		53AB66A32A33C55000C19CFA /* GoogleService-Info.plist in Resources */ = {isa = PBXBuildFile; fileRef = 53AB66A12A33C55000C19CFA /* GoogleService-Info.plist */; };
		53AB66A42A33C55000C19CFA /* GoogleService-Info.plist in Resources */ = {isa = PBXBuildFile; fileRef = 53AB66A12A33C55000C19CFA /* GoogleService-Info.plist */; };
		53AB66A72A33DC2600C19CFA /* FirebaseAnalytics in Frameworks */ = {isa = PBXBuildFile; productRef = 53AB66A62A33DC2600C19CFA /* FirebaseAnalytics */; };
		53AB66A92A33DC2600C19CFA /* FirebaseAuth in Frameworks */ = {isa = PBXBuildFile; productRef = 53AB66A82A33DC2600C19CFA /* FirebaseAuth */; };
		53AB66AB2A33DC2600C19CFA /* FirebaseAuthCombine-Community in Frameworks */ = {isa = PBXBuildFile; productRef = 53AB66AA2A33DC2600C19CFA /* FirebaseAuthCombine-Community */; };
		53AB66AD2A33DC2600C19CFA /* FirebaseDatabase in Frameworks */ = {isa = PBXBuildFile; productRef = 53AB66AC2A33DC2600C19CFA /* FirebaseDatabase */; };
		53AB66AF2A33DC2600C19CFA /* FirebaseDatabaseSwift in Frameworks */ = {isa = PBXBuildFile; productRef = 53AB66AE2A33DC2600C19CFA /* FirebaseDatabaseSwift */; };
		53AB66B22A38114A00C19CFA /* AccountNetworkHelper.swift in Sources */ = {isa = PBXBuildFile; fileRef = 53AB66B12A38114A00C19CFA /* AccountNetworkHelper.swift */; };
		53AB66B32A38114A00C19CFA /* AccountNetworkHelper.swift in Sources */ = {isa = PBXBuildFile; fileRef = 53AB66B12A38114A00C19CFA /* AccountNetworkHelper.swift */; };
		53AB66B42A38114A00C19CFA /* AccountNetworkHelper.swift in Sources */ = {isa = PBXBuildFile; fileRef = 53AB66B12A38114A00C19CFA /* AccountNetworkHelper.swift */; };
		53AB66BA2A38B34300C19CFA /* ErrorModal.swift in Sources */ = {isa = PBXBuildFile; fileRef = 53AB66B92A38B34300C19CFA /* ErrorModal.swift */; };
		53AB66BB2A38B34300C19CFA /* ErrorModal.swift in Sources */ = {isa = PBXBuildFile; fileRef = 53AB66B92A38B34300C19CFA /* ErrorModal.swift */; };
		53AB66BC2A38B34300C19CFA /* ErrorModal.swift in Sources */ = {isa = PBXBuildFile; fileRef = 53AB66B92A38B34300C19CFA /* ErrorModal.swift */; };
		53AB66BE2A38B5FE00C19CFA /* errorModalAnimation.json in Resources */ = {isa = PBXBuildFile; fileRef = 53AB66BD2A38B5FE00C19CFA /* errorModalAnimation.json */; };
		53AB66BF2A38B5FE00C19CFA /* errorModalAnimation.json in Resources */ = {isa = PBXBuildFile; fileRef = 53AB66BD2A38B5FE00C19CFA /* errorModalAnimation.json */; };
		53AB66C02A38B5FE00C19CFA /* errorModalAnimation.json in Resources */ = {isa = PBXBuildFile; fileRef = 53AB66BD2A38B5FE00C19CFA /* errorModalAnimation.json */; };
		53AB66C42A38B91900C19CFA /* ModalHelper.swift in Sources */ = {isa = PBXBuildFile; fileRef = 53AB66C32A38B91900C19CFA /* ModalHelper.swift */; };
		53AB66C52A38B91900C19CFA /* ModalHelper.swift in Sources */ = {isa = PBXBuildFile; fileRef = 53AB66C32A38B91900C19CFA /* ModalHelper.swift */; };
		53AB66C62A38B91900C19CFA /* ModalHelper.swift in Sources */ = {isa = PBXBuildFile; fileRef = 53AB66C32A38B91900C19CFA /* ModalHelper.swift */; };
		53AB66CC2A4235E600C19CFA /* SignInView.swift in Sources */ = {isa = PBXBuildFile; fileRef = 53AB66CB2A4235E600C19CFA /* SignInView.swift */; };
		53AB66CE2A42369E00C19CFA /* SignInViewModel.swift in Sources */ = {isa = PBXBuildFile; fileRef = 53AB66CD2A42369E00C19CFA /* SignInViewModel.swift */; };
		53AB66D22A42A86300C19CFA /* ReSwift in Frameworks */ = {isa = PBXBuildFile; productRef = 53AB66D12A42A86300C19CFA /* ReSwift */; };
		53AB66D42A42A8B000C19CFA /* AppState.swift in Sources */ = {isa = PBXBuildFile; fileRef = 53AB66D32A42A8B000C19CFA /* AppState.swift */; };
		53AB66D72A42A92300C19CFA /* UserState.swift in Sources */ = {isa = PBXBuildFile; fileRef = 53AB66D62A42A92300C19CFA /* UserState.swift */; };
		53E2C1382A51BD7E001976DC /* NavHandler.swift in Sources */ = {isa = PBXBuildFile; fileRef = 53E2C1372A51BD7E001976DC /* NavHandler.swift */; };
		53E2C13A2A5239A1001976DC /* TabHandler.swift in Sources */ = {isa = PBXBuildFile; fileRef = 53E2C1392A5239A1001976DC /* TabHandler.swift */; };
		53E2C13C2A532F88001976DC /* HabitLogCoreDataHelper.swift in Sources */ = {isa = PBXBuildFile; fileRef = 53E2C13B2A532F88001976DC /* HabitLogCoreDataHelper.swift */; };
		53E2C13F2A538432001976DC /* EntityDebugger.swift in Sources */ = {isa = PBXBuildFile; fileRef = 53E2C13E2A538432001976DC /* EntityDebugger.swift */; };
		53E2C1412A54F3AA001976DC /* HabitLogState.swift in Sources */ = {isa = PBXBuildFile; fileRef = 53E2C1402A54F3AA001976DC /* HabitLogState.swift */; };
/* End PBXBuildFile section */

/* Begin PBXContainerItemProxy section */
		53AB64EE29FB046100C19CFA /* PBXContainerItemProxy */ = {
			isa = PBXContainerItemProxy;
			containerPortal = 53AB64D529FB046000C19CFA /* Project object */;
			proxyType = 1;
			remoteGlobalIDString = 53AB64DC29FB046000C19CFA;
			remoteInfo = "Habit Builder App";
		};
		53AB64F829FB046100C19CFA /* PBXContainerItemProxy */ = {
			isa = PBXContainerItemProxy;
			containerPortal = 53AB64D529FB046000C19CFA /* Project object */;
			proxyType = 1;
			remoteGlobalIDString = 53AB64DC29FB046000C19CFA;
			remoteInfo = "Habit Builder App";
		};
/* End PBXContainerItemProxy section */

/* Begin PBXFileReference section */
		530DA5992A4CC2AA00FE251C /* HomeView.swift */ = {isa = PBXFileReference; lastKnownFileType = sourcecode.swift; path = HomeView.swift; sourceTree = "<group>"; };
		530DA59B2A4CC2F500FE251C /* HomeViewModel.swift */ = {isa = PBXFileReference; lastKnownFileType = sourcecode.swift; path = HomeViewModel.swift; sourceTree = "<group>"; };
		530DA59D2A4CD0B400FE251C /* CardView.swift */ = {isa = PBXFileReference; lastKnownFileType = sourcecode.swift; path = CardView.swift; sourceTree = "<group>"; };
		530DA5A42A4D08B700FE251C /* HabitBuilderCDModel.xcdatamodel */ = {isa = PBXFileReference; lastKnownFileType = wrapper.xcdatamodel; path = HabitBuilderCDModel.xcdatamodel; sourceTree = "<group>"; };
		530DA5A62A4D09C000FE251C /* CoreDatabase.swift */ = {isa = PBXFileReference; lastKnownFileType = sourcecode.swift; path = CoreDatabase.swift; sourceTree = "<group>"; };
		530DA5A92A4E102F00FE251C /* Entities.swift */ = {isa = PBXFileReference; lastKnownFileType = sourcecode.swift; path = Entities.swift; sourceTree = "<group>"; };
		530DA5AC2A4E4F6300FE251C /* UserCoreDataHelpers.swift */ = {isa = PBXFileReference; lastKnownFileType = sourcecode.swift; path = UserCoreDataHelpers.swift; sourceTree = "<group>"; };
		530DA5AE2A4F12A700FE251C /* BottomBorderTextFieldView.swift */ = {isa = PBXFileReference; lastKnownFileType = sourcecode.swift; path = BottomBorderTextFieldView.swift; sourceTree = "<group>"; };
		530DA5B02A4F67C600FE251C /* HabitCoreDataHelper.swift */ = {isa = PBXFileReference; lastKnownFileType = sourcecode.swift; path = HabitCoreDataHelper.swift; sourceTree = "<group>"; };
		530DA5B22A4F6C8800FE251C /* HabitsState.swift */ = {isa = PBXFileReference; lastKnownFileType = sourcecode.swift; path = HabitsState.swift; sourceTree = "<group>"; };
		53AB64DD29FB046000C19CFA /* Habit Builder App.app */ = {isa = PBXFileReference; explicitFileType = wrapper.application; includeInIndex = 0; path = "Habit Builder App.app"; sourceTree = BUILT_PRODUCTS_DIR; };
		53AB64E429FB046100C19CFA /* Assets.xcassets */ = {isa = PBXFileReference; lastKnownFileType = folder.assetcatalog; path = Assets.xcassets; sourceTree = "<group>"; };
		53AB64E729FB046100C19CFA /* Preview Assets.xcassets */ = {isa = PBXFileReference; lastKnownFileType = folder.assetcatalog; path = "Preview Assets.xcassets"; sourceTree = "<group>"; };
		53AB64ED29FB046100C19CFA /* Habit Builder AppTests.xctest */ = {isa = PBXFileReference; explicitFileType = wrapper.cfbundle; includeInIndex = 0; path = "Habit Builder AppTests.xctest"; sourceTree = BUILT_PRODUCTS_DIR; };
		53AB64F729FB046100C19CFA /* Habit Builder AppUITests.xctest */ = {isa = PBXFileReference; explicitFileType = wrapper.cfbundle; includeInIndex = 0; path = "Habit Builder AppUITests.xctest"; sourceTree = BUILT_PRODUCTS_DIR; };
		53AB64FB29FB046100C19CFA /* Habit_Builder_AppUITests.swift */ = {isa = PBXFileReference; lastKnownFileType = sourcecode.swift; path = Habit_Builder_AppUITests.swift; sourceTree = "<group>"; };
		53AB64FD29FB046100C19CFA /* Habit_Builder_AppUITestsLaunchTests.swift */ = {isa = PBXFileReference; lastKnownFileType = sourcecode.swift; path = Habit_Builder_AppUITestsLaunchTests.swift; sourceTree = "<group>"; };
		53AB65462A0169F000C19CFA /* AppDelegate.swift */ = {isa = PBXFileReference; lastKnownFileType = sourcecode.swift; path = AppDelegate.swift; sourceTree = "<group>"; };
		53AB65482A0169FD00C19CFA /* SceneDelegate.swift */ = {isa = PBXFileReference; lastKnownFileType = sourcecode.swift; path = SceneDelegate.swift; sourceTree = "<group>"; };
		53AB65532A049BB600C19CFA /* RootCordinator.swift */ = {isa = PBXFileReference; lastKnownFileType = sourcecode.swift; path = RootCordinator.swift; sourceTree = "<group>"; };
		53AB65582A060D8300C19CFA /* LandingViewController.swift */ = {isa = PBXFileReference; lastKnownFileType = sourcecode.swift; path = LandingViewController.swift; sourceTree = "<group>"; };
		53AB655A2A060D8F00C19CFA /* LandingViewModel.swift */ = {isa = PBXFileReference; lastKnownFileType = sourcecode.swift; path = LandingViewModel.swift; sourceTree = "<group>"; };
		53AB655C2A060E2C00C19CFA /* LandingView.swift */ = {isa = PBXFileReference; lastKnownFileType = sourcecode.swift; path = LandingView.swift; sourceTree = "<group>"; };
		53AB655F2A0616D000C19CFA /* Extension+UIView.swift */ = {isa = PBXFileReference; lastKnownFileType = sourcecode.swift; path = "Extension+UIView.swift"; sourceTree = "<group>"; };
		53AB65642A06B56D00C19CFA /* Resolver+Dependency.swift */ = {isa = PBXFileReference; lastKnownFileType = sourcecode.swift; path = "Resolver+Dependency.swift"; sourceTree = "<group>"; };
		53AB65672A06B66200C19CFA /* ColorSystem.swift */ = {isa = PBXFileReference; lastKnownFileType = sourcecode.swift; path = ColorSystem.swift; sourceTree = "<group>"; };
		53AB65692A06BFEC00C19CFA /* C.swift */ = {isa = PBXFileReference; lastKnownFileType = sourcecode.swift; path = C.swift; sourceTree = "<group>"; };
		53AB656C2A06C38700C19CFA /* ColorSystemConfig.swift */ = {isa = PBXFileReference; lastKnownFileType = sourcecode.swift; path = ColorSystemConfig.swift; sourceTree = "<group>"; };
		53AB656E2A06C5AE00C19CFA /* FontSystemConfig.swift */ = {isa = PBXFileReference; lastKnownFileType = sourcecode.swift; path = FontSystemConfig.swift; sourceTree = "<group>"; };
		53AB65702A06C5C400C19CFA /* FontSystem.swift */ = {isa = PBXFileReference; lastKnownFileType = sourcecode.swift; path = FontSystem.swift; sourceTree = "<group>"; };
		53AB65742A06C8D400C19CFA /* Roboto-Medium.ttf */ = {isa = PBXFileReference; lastKnownFileType = file; path = "Roboto-Medium.ttf"; sourceTree = "<group>"; };
		53AB65762A06C8D400C19CFA /* Roboto-Regular.ttf */ = {isa = PBXFileReference; lastKnownFileType = file; path = "Roboto-Regular.ttf"; sourceTree = "<group>"; };
		53AB657E2A06C8D400C19CFA /* Roboto-Bold.ttf */ = {isa = PBXFileReference; lastKnownFileType = file; path = "Roboto-Bold.ttf"; sourceTree = "<group>"; };
		53AB658E2A06C92D00C19CFA /* Habit-Builder-App-Info.plist */ = {isa = PBXFileReference; lastKnownFileType = text.plist; path = "Habit-Builder-App-Info.plist"; sourceTree = SOURCE_ROOT; };
		53AB65962A0AD2EA00C19CFA /* ImageSystem.swift */ = {isa = PBXFileReference; lastKnownFileType = sourcecode.swift; path = ImageSystem.swift; sourceTree = "<group>"; };
		53AB659A2A0B3A5300C19CFA /* ButtonStyle.swift */ = {isa = PBXFileReference; lastKnownFileType = sourcecode.swift; path = ButtonStyle.swift; sourceTree = "<group>"; };
		53AB65A02A0BE7A200C19CFA /* LandingScreenSnapshotTest.swift */ = {isa = PBXFileReference; lastKnownFileType = sourcecode.swift; path = LandingScreenSnapshotTest.swift; sourceTree = "<group>"; };
		53AB65A62A0BEC5000C19CFA /* TestConfig.swift */ = {isa = PBXFileReference; lastKnownFileType = sourcecode.swift; path = TestConfig.swift; sourceTree = "<group>"; };
		53AB65A92A0C8E6A00C19CFA /* SignUpViewController.swift */ = {isa = PBXFileReference; lastKnownFileType = sourcecode.swift; path = SignUpViewController.swift; sourceTree = "<group>"; };
		53AB65AB2A0C8E7500C19CFA /* SignUpView.swift */ = {isa = PBXFileReference; lastKnownFileType = sourcecode.swift; path = SignUpView.swift; sourceTree = "<group>"; };
		53AB65AF2A0C8E9900C19CFA /* SignUpViewModel.swift */ = {isa = PBXFileReference; lastKnownFileType = sourcecode.swift; path = SignUpViewModel.swift; sourceTree = "<group>"; };
		53AB65B72A11493800C19CFA /* BaseMods.swift */ = {isa = PBXFileReference; lastKnownFileType = sourcecode.swift; path = BaseMods.swift; sourceTree = "<group>"; };
		53AB66772A1E66A600C19CFA /* TextFieldStyle.swift */ = {isa = PBXFileReference; lastKnownFileType = sourcecode.swift; path = TextFieldStyle.swift; sourceTree = "<group>"; };
		53AB667B2A1E8E7F00C19CFA /* OnboardingViewController.swift */ = {isa = PBXFileReference; lastKnownFileType = sourcecode.swift; path = OnboardingViewController.swift; sourceTree = "<group>"; };
		53AB667E2A1E8EA000C19CFA /* OnboardingView.swift */ = {isa = PBXFileReference; lastKnownFileType = sourcecode.swift; path = OnboardingView.swift; sourceTree = "<group>"; };
		53AB66802A1E8EAF00C19CFA /* OnboardingViewModel.swift */ = {isa = PBXFileReference; lastKnownFileType = sourcecode.swift; path = OnboardingViewModel.swift; sourceTree = "<group>"; };
		53AB66862A30F7A900C19CFA /* IDViewController.swift */ = {isa = PBXFileReference; lastKnownFileType = sourcecode.swift; path = IDViewController.swift; sourceTree = "<group>"; };
		53AB66892A3110ED00C19CFA /* NavigationTransitions.swift */ = {isa = PBXFileReference; lastKnownFileType = sourcecode.swift; path = NavigationTransitions.swift; sourceTree = "<group>"; };
		53AB668B2A32445800C19CFA /* Loader.swift */ = {isa = PBXFileReference; lastKnownFileType = sourcecode.swift; path = Loader.swift; sourceTree = "<group>"; };
		53AB66912A3256D500C19CFA /* loader.json */ = {isa = PBXFileReference; fileEncoding = 4; lastKnownFileType = text.json; path = loader.json; sourceTree = "<group>"; };
		53AB66942A32878900C19CFA /* BottomSheetModal.swift */ = {isa = PBXFileReference; lastKnownFileType = sourcecode.swift; path = BottomSheetModal.swift; sourceTree = "<group>"; };
		53AB66972A33795000C19CFA /* CommonValidators.swift */ = {isa = PBXFileReference; lastKnownFileType = sourcecode.swift; path = CommonValidators.swift; sourceTree = "<group>"; };
		53AB66992A33A3A900C19CFA /* RegularTextFieldView.swift */ = {isa = PBXFileReference; lastKnownFileType = sourcecode.swift; path = RegularTextFieldView.swift; sourceTree = "<group>"; };
		53AB669F2A33B2FE00C19CFA /* RegularTextFieldGroupView.swift */ = {isa = PBXFileReference; lastKnownFileType = sourcecode.swift; path = RegularTextFieldGroupView.swift; sourceTree = "<group>"; };
		53AB66A12A33C55000C19CFA /* GoogleService-Info.plist */ = {isa = PBXFileReference; fileEncoding = 4; lastKnownFileType = text.plist.xml; path = "GoogleService-Info.plist"; sourceTree = "<group>"; };
		53AB66B12A38114A00C19CFA /* AccountNetworkHelper.swift */ = {isa = PBXFileReference; lastKnownFileType = sourcecode.swift; path = AccountNetworkHelper.swift; sourceTree = "<group>"; };
		53AB66B92A38B34300C19CFA /* ErrorModal.swift */ = {isa = PBXFileReference; lastKnownFileType = sourcecode.swift; path = ErrorModal.swift; sourceTree = "<group>"; };
		53AB66BD2A38B5FE00C19CFA /* errorModalAnimation.json */ = {isa = PBXFileReference; fileEncoding = 4; lastKnownFileType = text.json; path = errorModalAnimation.json; sourceTree = "<group>"; };
		53AB66C32A38B91900C19CFA /* ModalHelper.swift */ = {isa = PBXFileReference; lastKnownFileType = sourcecode.swift; path = ModalHelper.swift; sourceTree = "<group>"; };
		53AB66CB2A4235E600C19CFA /* SignInView.swift */ = {isa = PBXFileReference; lastKnownFileType = sourcecode.swift; path = SignInView.swift; sourceTree = "<group>"; };
		53AB66CD2A42369E00C19CFA /* SignInViewModel.swift */ = {isa = PBXFileReference; lastKnownFileType = sourcecode.swift; path = SignInViewModel.swift; sourceTree = "<group>"; };
		53AB66D32A42A8B000C19CFA /* AppState.swift */ = {isa = PBXFileReference; lastKnownFileType = sourcecode.swift; path = AppState.swift; sourceTree = "<group>"; };
		53AB66D62A42A92300C19CFA /* UserState.swift */ = {isa = PBXFileReference; lastKnownFileType = sourcecode.swift; path = UserState.swift; sourceTree = "<group>"; };
		53E2C1372A51BD7E001976DC /* NavHandler.swift */ = {isa = PBXFileReference; lastKnownFileType = sourcecode.swift; path = NavHandler.swift; sourceTree = "<group>"; };
		53E2C1392A5239A1001976DC /* TabHandler.swift */ = {isa = PBXFileReference; lastKnownFileType = sourcecode.swift; path = TabHandler.swift; sourceTree = "<group>"; };
		53E2C13B2A532F88001976DC /* HabitLogCoreDataHelper.swift */ = {isa = PBXFileReference; lastKnownFileType = sourcecode.swift; path = HabitLogCoreDataHelper.swift; sourceTree = "<group>"; };
		53E2C13E2A538432001976DC /* EntityDebugger.swift */ = {isa = PBXFileReference; lastKnownFileType = sourcecode.swift; path = EntityDebugger.swift; sourceTree = "<group>"; };
		53E2C1402A54F3AA001976DC /* HabitLogState.swift */ = {isa = PBXFileReference; lastKnownFileType = sourcecode.swift; path = HabitLogState.swift; sourceTree = "<group>"; };
/* End PBXFileReference section */

/* Begin PBXFrameworksBuildPhase section */
		53AB64DA29FB046000C19CFA /* Frameworks */ = {
			isa = PBXFrameworksBuildPhase;
			buildActionMask = 2147483647;
			files = (
				53AB66AF2A33DC2600C19CFA /* FirebaseDatabaseSwift in Frameworks */,
				53AB66AD2A33DC2600C19CFA /* FirebaseDatabase in Frameworks */,
				53AB65632A06B52E00C19CFA /* Factory in Frameworks */,
				53AB66D22A42A86300C19CFA /* ReSwift in Frameworks */,
				53AB668F2A3253F500C19CFA /* Lottie in Frameworks */,
				53AB66A72A33DC2600C19CFA /* FirebaseAnalytics in Frameworks */,
				53AB66A92A33DC2600C19CFA /* FirebaseAuth in Frameworks */,
				53AB66AB2A33DC2600C19CFA /* FirebaseAuthCombine-Community in Frameworks */,
			);
			runOnlyForDeploymentPostprocessing = 0;
		};
		53AB64EA29FB046100C19CFA /* Frameworks */ = {
			isa = PBXFrameworksBuildPhase;
			buildActionMask = 2147483647;
			files = (
				53AB65A42A0BE94F00C19CFA /* SnapshotTesting in Frameworks */,
			);
			runOnlyForDeploymentPostprocessing = 0;
		};
		53AB64F429FB046100C19CFA /* Frameworks */ = {
			isa = PBXFrameworksBuildPhase;
			buildActionMask = 2147483647;
			files = (
			);
			runOnlyForDeploymentPostprocessing = 0;
		};
/* End PBXFrameworksBuildPhase section */

/* Begin PBXGroup section */
		530DA5982A4CC26B00FE251C /* HomeScreen */ = {
			isa = PBXGroup;
			children = (
				530DA5992A4CC2AA00FE251C /* HomeView.swift */,
				530DA59B2A4CC2F500FE251C /* HomeViewModel.swift */,
			);
			path = HomeScreen;
			sourceTree = "<group>";
		};
		530DA59F2A4D07F800FE251C /* CoreData */ = {
			isa = PBXGroup;
			children = (
				530DA5A32A4D08B700FE251C /* HabitBuilderCDModel.xcdatamodeld */,
				530DA5A62A4D09C000FE251C /* CoreDatabase.swift */,
				530DA5A92A4E102F00FE251C /* Entities.swift */,
			);
			path = CoreData;
			sourceTree = "<group>";
		};
		530DA5AB2A4E4F4C00FE251C /* CoreDataHelpers */ = {
			isa = PBXGroup;
			children = (
				530DA5AC2A4E4F6300FE251C /* UserCoreDataHelpers.swift */,
				530DA5B02A4F67C600FE251C /* HabitCoreDataHelper.swift */,
				53E2C13B2A532F88001976DC /* HabitLogCoreDataHelper.swift */,
				53E2C13E2A538432001976DC /* EntityDebugger.swift */,
			);
			path = CoreDataHelpers;
			sourceTree = "<group>";
		};
		53AB64D429FB046000C19CFA = {
			isa = PBXGroup;
			children = (
				53AB64DF29FB046000C19CFA /* Habit Builder App */,
				53AB64F029FB046100C19CFA /* Habit Builder AppTests */,
				53AB64FA29FB046100C19CFA /* Habit Builder AppUITests */,
				53AB64DE29FB046000C19CFA /* Products */,
				53AB65A22A0BE94F00C19CFA /* Frameworks */,
			);
			sourceTree = "<group>";
		};
		53AB64DE29FB046000C19CFA /* Products */ = {
			isa = PBXGroup;
			children = (
				53AB64DD29FB046000C19CFA /* Habit Builder App.app */,
				53AB64ED29FB046100C19CFA /* Habit Builder AppTests.xctest */,
				53AB64F729FB046100C19CFA /* Habit Builder AppUITests.xctest */,
			);
			name = Products;
			sourceTree = "<group>";
		};
		53AB64DF29FB046000C19CFA /* Habit Builder App */ = {
			isa = PBXGroup;
			children = (
				530DA59F2A4D07F800FE251C /* CoreData */,
				53AB66CF2A42A76E00C19CFA /* AppStates */,
				53AB66B02A38112C00C19CFA /* Helpers */,
				53AB669D2A33B2C800C19CFA /* AppCommon */,
				53AB66902A3256BC00C19CFA /* LottieAnimations */,
				53AB667A2A1E8E4100C19CFA /* Screens */,
				53AB658E2A06C92D00C19CFA /* Habit-Builder-App-Info.plist */,
				53AB65722A06C8BC00C19CFA /* CustomFont */,
				53AB654D2A02C0FA00C19CFA /* Root */,
				53AB654C2A02C0CE00C19CFA /* Common */,
				53AB64E429FB046100C19CFA /* Assets.xcassets */,
				53AB64E629FB046100C19CFA /* Preview Content */,
				53AB65462A0169F000C19CFA /* AppDelegate.swift */,
				53AB65482A0169FD00C19CFA /* SceneDelegate.swift */,
				53AB66A12A33C55000C19CFA /* GoogleService-Info.plist */,
			);
			path = "Habit Builder App";
			sourceTree = "<group>";
		};
		53AB64E629FB046100C19CFA /* Preview Content */ = {
			isa = PBXGroup;
			children = (
				53AB64E729FB046100C19CFA /* Preview Assets.xcassets */,
			);
			path = "Preview Content";
			sourceTree = "<group>";
		};
		53AB64F029FB046100C19CFA /* Habit Builder AppTests */ = {
			isa = PBXGroup;
			children = (
				53AB65A52A0BEBE100C19CFA /* Helpers */,
				53AB659F2A0BE78300C19CFA /* LandingScreen */,
			);
			path = "Habit Builder AppTests";
			sourceTree = "<group>";
		};
		53AB64FA29FB046100C19CFA /* Habit Builder AppUITests */ = {
			isa = PBXGroup;
			children = (
				53AB64FB29FB046100C19CFA /* Habit_Builder_AppUITests.swift */,
				53AB64FD29FB046100C19CFA /* Habit_Builder_AppUITestsLaunchTests.swift */,
			);
			path = "Habit Builder AppUITests";
			sourceTree = "<group>";
		};
		53AB654C2A02C0CE00C19CFA /* Common */ = {
			isa = PBXGroup;
			children = (
				53AB66962A33793C00C19CFA /* Helpers */,
				53AB66852A30F78E00C19CFA /* Basic */,
				53AB65982A0B390200C19CFA /* Components */,
				53AB65662A06B62D00C19CFA /* DesignSystem */,
				53AB655E2A0616B700C19CFA /* Extensions */,
			);
			path = Common;
			sourceTree = "<group>";
		};
		53AB654D2A02C0FA00C19CFA /* Root */ = {
			isa = PBXGroup;
			children = (
				53AB656B2A06C36A00C19CFA /* Config */,
				53AB65532A049BB600C19CFA /* RootCordinator.swift */,
				53AB65642A06B56D00C19CFA /* Resolver+Dependency.swift */,
				53AB66892A3110ED00C19CFA /* NavigationTransitions.swift */,
				53E2C1372A51BD7E001976DC /* NavHandler.swift */,
				53E2C1392A5239A1001976DC /* TabHandler.swift */,
			);
			path = Root;
			sourceTree = "<group>";
		};
		53AB65552A04BA2800C19CFA /* LandingScreen */ = {
			isa = PBXGroup;
			children = (
				53AB65582A060D8300C19CFA /* LandingViewController.swift */,
				53AB655A2A060D8F00C19CFA /* LandingViewModel.swift */,
				53AB655C2A060E2C00C19CFA /* LandingView.swift */,
			);
			path = LandingScreen;
			sourceTree = "<group>";
		};
		53AB655E2A0616B700C19CFA /* Extensions */ = {
			isa = PBXGroup;
			children = (
				53AB655F2A0616D000C19CFA /* Extension+UIView.swift */,
			);
			path = Extensions;
			sourceTree = "<group>";
		};
		53AB65662A06B62D00C19CFA /* DesignSystem */ = {
			isa = PBXGroup;
			children = (
				53AB65672A06B66200C19CFA /* ColorSystem.swift */,
				53AB65702A06C5C400C19CFA /* FontSystem.swift */,
			);
			path = DesignSystem;
			sourceTree = "<group>";
		};
		53AB656B2A06C36A00C19CFA /* Config */ = {
			isa = PBXGroup;
			children = (
				53AB65692A06BFEC00C19CFA /* C.swift */,
				53AB656C2A06C38700C19CFA /* ColorSystemConfig.swift */,
				53AB656E2A06C5AE00C19CFA /* FontSystemConfig.swift */,
				53AB65962A0AD2EA00C19CFA /* ImageSystem.swift */,
			);
			path = Config;
			sourceTree = "<group>";
		};
		53AB65722A06C8BC00C19CFA /* CustomFont */ = {
			isa = PBXGroup;
			children = (
				53AB65732A06C8D400C19CFA /* Roboto */,
			);
			path = CustomFont;
			sourceTree = "<group>";
		};
		53AB65732A06C8D400C19CFA /* Roboto */ = {
			isa = PBXGroup;
			children = (
				53AB65742A06C8D400C19CFA /* Roboto-Medium.ttf */,
				53AB65762A06C8D400C19CFA /* Roboto-Regular.ttf */,
				53AB657E2A06C8D400C19CFA /* Roboto-Bold.ttf */,
			);
			path = Roboto;
			sourceTree = "<group>";
		};
		53AB65982A0B390200C19CFA /* Components */ = {
			isa = PBXGroup;
			children = (
				53AB66932A32871900C19CFA /* Modal */,
				53AB66762A1E65B700C19CFA /* TextField */,
				53AB65B62A11492700C19CFA /* Mods */,
				53AB65992A0B391B00C19CFA /* Buttons */,
				530DA59D2A4CD0B400FE251C /* CardView.swift */,
			);
			path = Components;
			sourceTree = "<group>";
		};
		53AB65992A0B391B00C19CFA /* Buttons */ = {
			isa = PBXGroup;
			children = (
				53AB659A2A0B3A5300C19CFA /* ButtonStyle.swift */,
			);
			path = Buttons;
			sourceTree = "<group>";
		};
		53AB659F2A0BE78300C19CFA /* LandingScreen */ = {
			isa = PBXGroup;
			children = (
				53AB65A02A0BE7A200C19CFA /* LandingScreenSnapshotTest.swift */,
			);
			path = LandingScreen;
			sourceTree = "<group>";
		};
		53AB65A22A0BE94F00C19CFA /* Frameworks */ = {
			isa = PBXGroup;
			children = (
			);
			name = Frameworks;
			sourceTree = "<group>";
		};
		53AB65A52A0BEBE100C19CFA /* Helpers */ = {
			isa = PBXGroup;
			children = (
				53AB65A62A0BEC5000C19CFA /* TestConfig.swift */,
			);
			path = Helpers;
			sourceTree = "<group>";
		};
		53AB65A82A0C8E5400C19CFA /* SignUpScreen */ = {
			isa = PBXGroup;
			children = (
				53AB65A92A0C8E6A00C19CFA /* SignUpViewController.swift */,
				53AB65AB2A0C8E7500C19CFA /* SignUpView.swift */,
				53AB65AF2A0C8E9900C19CFA /* SignUpViewModel.swift */,
			);
			path = SignUpScreen;
			sourceTree = "<group>";
		};
		53AB65B62A11492700C19CFA /* Mods */ = {
			isa = PBXGroup;
			children = (
				53AB65B72A11493800C19CFA /* BaseMods.swift */,
			);
			path = Mods;
			sourceTree = "<group>";
		};
		53AB66762A1E65B700C19CFA /* TextField */ = {
			isa = PBXGroup;
			children = (
				53AB66772A1E66A600C19CFA /* TextFieldStyle.swift */,
				53AB66992A33A3A900C19CFA /* RegularTextFieldView.swift */,
				530DA5AE2A4F12A700FE251C /* BottomBorderTextFieldView.swift */,
			);
			path = TextField;
			sourceTree = "<group>";
		};
		53AB66792A1E8E3400C19CFA /* OnboardingScreen */ = {
			isa = PBXGroup;
			children = (
				53AB667D2A1E8E8F00C19CFA /* Views */,
				53AB667B2A1E8E7F00C19CFA /* OnboardingViewController.swift */,
				53AB66802A1E8EAF00C19CFA /* OnboardingViewModel.swift */,
			);
			path = OnboardingScreen;
			sourceTree = "<group>";
		};
		53AB667A2A1E8E4100C19CFA /* Screens */ = {
			isa = PBXGroup;
			children = (
				530DA5982A4CC26B00FE251C /* HomeScreen */,
				53AB66CA2A4235C800C19CFA /* SignInScreen */,
				53AB65552A04BA2800C19CFA /* LandingScreen */,
				53AB65A82A0C8E5400C19CFA /* SignUpScreen */,
				53AB66792A1E8E3400C19CFA /* OnboardingScreen */,
			);
			path = Screens;
			sourceTree = "<group>";
		};
		53AB667D2A1E8E8F00C19CFA /* Views */ = {
			isa = PBXGroup;
			children = (
				53AB667E2A1E8EA000C19CFA /* OnboardingView.swift */,
			);
			path = Views;
			sourceTree = "<group>";
		};
		53AB66852A30F78E00C19CFA /* Basic */ = {
			isa = PBXGroup;
			children = (
				53AB66862A30F7A900C19CFA /* IDViewController.swift */,
			);
			path = Basic;
			sourceTree = "<group>";
		};
		53AB66902A3256BC00C19CFA /* LottieAnimations */ = {
			isa = PBXGroup;
			children = (
				53AB66BD2A38B5FE00C19CFA /* errorModalAnimation.json */,
				53AB66912A3256D500C19CFA /* loader.json */,
			);
			path = LottieAnimations;
			sourceTree = "<group>";
		};
		53AB66932A32871900C19CFA /* Modal */ = {
			isa = PBXGroup;
			children = (
				53AB668B2A32445800C19CFA /* Loader.swift */,
				53AB66942A32878900C19CFA /* BottomSheetModal.swift */,
				53AB66B92A38B34300C19CFA /* ErrorModal.swift */,
			);
			path = Modal;
			sourceTree = "<group>";
		};
		53AB66962A33793C00C19CFA /* Helpers */ = {
			isa = PBXGroup;
			children = (
				53AB66972A33795000C19CFA /* CommonValidators.swift */,
			);
			path = Helpers;
			sourceTree = "<group>";
		};
		53AB669D2A33B2C800C19CFA /* AppCommon */ = {
			isa = PBXGroup;
			children = (
				53AB669E2A33B2D200C19CFA /* Components */,
			);
			path = AppCommon;
			sourceTree = "<group>";
		};
		53AB669E2A33B2D200C19CFA /* Components */ = {
			isa = PBXGroup;
			children = (
				53AB669F2A33B2FE00C19CFA /* RegularTextFieldGroupView.swift */,
			);
			path = Components;
			sourceTree = "<group>";
		};
		53AB66B02A38112C00C19CFA /* Helpers */ = {
			isa = PBXGroup;
			children = (
				530DA5AB2A4E4F4C00FE251C /* CoreDataHelpers */,
				53AB66C22A38B90500C19CFA /* GeneralHelpers */,
				53AB66C12A38B87500C19CFA /* NetworkHelpers */,
			);
			path = Helpers;
			sourceTree = "<group>";
		};
		53AB66C12A38B87500C19CFA /* NetworkHelpers */ = {
			isa = PBXGroup;
			children = (
				53AB66B12A38114A00C19CFA /* AccountNetworkHelper.swift */,
			);
			path = NetworkHelpers;
			sourceTree = "<group>";
		};
		53AB66C22A38B90500C19CFA /* GeneralHelpers */ = {
			isa = PBXGroup;
			children = (
				53AB66C32A38B91900C19CFA /* ModalHelper.swift */,
			);
			path = GeneralHelpers;
			sourceTree = "<group>";
		};
		53AB66CA2A4235C800C19CFA /* SignInScreen */ = {
			isa = PBXGroup;
			children = (
				53AB66CB2A4235E600C19CFA /* SignInView.swift */,
				53AB66CD2A42369E00C19CFA /* SignInViewModel.swift */,
			);
			path = SignInScreen;
			sourceTree = "<group>";
		};
		53AB66CF2A42A76E00C19CFA /* AppStates */ = {
			isa = PBXGroup;
			children = (
				53AB66D32A42A8B000C19CFA /* AppState.swift */,
				53AB66D62A42A92300C19CFA /* UserState.swift */,
				530DA5B22A4F6C8800FE251C /* HabitsState.swift */,
				53E2C1402A54F3AA001976DC /* HabitLogState.swift */,
			);
			path = AppStates;
			sourceTree = "<group>";
		};
/* End PBXGroup section */

/* Begin PBXNativeTarget section */
		53AB64DC29FB046000C19CFA /* Habit Builder App */ = {
			isa = PBXNativeTarget;
			buildConfigurationList = 53AB650129FB046100C19CFA /* Build configuration list for PBXNativeTarget "Habit Builder App" */;
			buildPhases = (
				53AB64D929FB046000C19CFA /* Sources */,
				53AB64DA29FB046000C19CFA /* Frameworks */,
				53AB64DB29FB046000C19CFA /* Resources */,
			);
			buildRules = (
			);
			dependencies = (
			);
			name = "Habit Builder App";
			packageProductDependencies = (
				53AB65622A06B52E00C19CFA /* Factory */,
				53AB668E2A3253F500C19CFA /* Lottie */,
				53AB66A62A33DC2600C19CFA /* FirebaseAnalytics */,
				53AB66A82A33DC2600C19CFA /* FirebaseAuth */,
				53AB66AA2A33DC2600C19CFA /* FirebaseAuthCombine-Community */,
				53AB66AC2A33DC2600C19CFA /* FirebaseDatabase */,
				53AB66AE2A33DC2600C19CFA /* FirebaseDatabaseSwift */,
				53AB66D12A42A86300C19CFA /* ReSwift */,
			);
			productName = "Habit Builder App";
			productReference = 53AB64DD29FB046000C19CFA /* Habit Builder App.app */;
			productType = "com.apple.product-type.application";
		};
		53AB64EC29FB046100C19CFA /* Habit Builder AppTests */ = {
			isa = PBXNativeTarget;
			buildConfigurationList = 53AB650429FB046100C19CFA /* Build configuration list for PBXNativeTarget "Habit Builder AppTests" */;
			buildPhases = (
				53AB64E929FB046100C19CFA /* Sources */,
				53AB64EA29FB046100C19CFA /* Frameworks */,
				53AB64EB29FB046100C19CFA /* Resources */,
			);
			buildRules = (
			);
			dependencies = (
				53AB64EF29FB046100C19CFA /* PBXTargetDependency */,
			);
			name = "Habit Builder AppTests";
			packageProductDependencies = (
				53AB65A32A0BE94F00C19CFA /* SnapshotTesting */,
			);
			productName = "Habit Builder AppTests";
			productReference = 53AB64ED29FB046100C19CFA /* Habit Builder AppTests.xctest */;
			productType = "com.apple.product-type.bundle.unit-test";
		};
		53AB64F629FB046100C19CFA /* Habit Builder AppUITests */ = {
			isa = PBXNativeTarget;
			buildConfigurationList = 53AB650729FB046100C19CFA /* Build configuration list for PBXNativeTarget "Habit Builder AppUITests" */;
			buildPhases = (
				53AB64F329FB046100C19CFA /* Sources */,
				53AB64F429FB046100C19CFA /* Frameworks */,
				53AB64F529FB046100C19CFA /* Resources */,
			);
			buildRules = (
			);
			dependencies = (
				53AB64F929FB046100C19CFA /* PBXTargetDependency */,
			);
			name = "Habit Builder AppUITests";
			productName = "Habit Builder AppUITests";
			productReference = 53AB64F729FB046100C19CFA /* Habit Builder AppUITests.xctest */;
			productType = "com.apple.product-type.bundle.ui-testing";
		};
/* End PBXNativeTarget section */

/* Begin PBXProject section */
		53AB64D529FB046000C19CFA /* Project object */ = {
			isa = PBXProject;
			attributes = {
				BuildIndependentTargetsInParallel = 1;
				LastSwiftUpdateCheck = 1430;
				LastUpgradeCheck = 1430;
				TargetAttributes = {
					53AB64DC29FB046000C19CFA = {
						CreatedOnToolsVersion = 14.3;
					};
					53AB64EC29FB046100C19CFA = {
						CreatedOnToolsVersion = 14.3;
						TestTargetID = 53AB64DC29FB046000C19CFA;
					};
					53AB64F629FB046100C19CFA = {
						CreatedOnToolsVersion = 14.3;
						TestTargetID = 53AB64DC29FB046000C19CFA;
					};
				};
			};
			buildConfigurationList = 53AB64D829FB046000C19CFA /* Build configuration list for PBXProject "Habit Builder App" */;
			compatibilityVersion = "Xcode 14.0";
			developmentRegion = en;
			hasScannedForEncodings = 0;
			knownRegions = (
				en,
				Base,
			);
			mainGroup = 53AB64D429FB046000C19CFA;
			packageReferences = (
				53AB65612A06B52E00C19CFA /* XCRemoteSwiftPackageReference "Factory" */,
				53AB659C2A0BE74800C19CFA /* XCRemoteSwiftPackageReference "swift-snapshot-testing" */,
				53AB668D2A3253F500C19CFA /* XCRemoteSwiftPackageReference "lottie-ios" */,
				53AB66A52A33DC2600C19CFA /* XCRemoteSwiftPackageReference "firebase-ios-sdk" */,
				53AB66D02A42A86300C19CFA /* XCRemoteSwiftPackageReference "ReSwift" */,
			);
			productRefGroup = 53AB64DE29FB046000C19CFA /* Products */;
			projectDirPath = "";
			projectRoot = "";
			targets = (
				53AB64DC29FB046000C19CFA /* Habit Builder App */,
				53AB64EC29FB046100C19CFA /* Habit Builder AppTests */,
				53AB64F629FB046100C19CFA /* Habit Builder AppUITests */,
			);
		};
/* End PBXProject section */

/* Begin PBXResourcesBuildPhase section */
		53AB64DB29FB046000C19CFA /* Resources */ = {
			isa = PBXResourcesBuildPhase;
			buildActionMask = 2147483647;
			files = (
				53AB66922A3256D500C19CFA /* loader.json in Resources */,
				53AB658B2A06C8D500C19CFA /* Roboto-Bold.ttf in Resources */,
				53AB64E829FB046100C19CFA /* Preview Assets.xcassets in Resources */,
				53AB64E529FB046100C19CFA /* Assets.xcassets in Resources */,
				53AB65832A06C8D500C19CFA /* Roboto-Regular.ttf in Resources */,
				53AB66BE2A38B5FE00C19CFA /* errorModalAnimation.json in Resources */,
				53AB65812A06C8D500C19CFA /* Roboto-Medium.ttf in Resources */,
				53AB66A22A33C55000C19CFA /* GoogleService-Info.plist in Resources */,
			);
			runOnlyForDeploymentPostprocessing = 0;
		};
		53AB64EB29FB046100C19CFA /* Resources */ = {
			isa = PBXResourcesBuildPhase;
			buildActionMask = 2147483647;
			files = (
				53AB66A32A33C55000C19CFA /* GoogleService-Info.plist in Resources */,
				53AB66BF2A38B5FE00C19CFA /* errorModalAnimation.json in Resources */,
			);
			runOnlyForDeploymentPostprocessing = 0;
		};
		53AB64F529FB046100C19CFA /* Resources */ = {
			isa = PBXResourcesBuildPhase;
			buildActionMask = 2147483647;
			files = (
				53AB66A42A33C55000C19CFA /* GoogleService-Info.plist in Resources */,
				53AB66C02A38B5FE00C19CFA /* errorModalAnimation.json in Resources */,
			);
			runOnlyForDeploymentPostprocessing = 0;
		};
/* End PBXResourcesBuildPhase section */

/* Begin PBXSourcesBuildPhase section */
		53AB64D929FB046000C19CFA /* Sources */ = {
			isa = PBXSourcesBuildPhase;
			buildActionMask = 2147483647;
			files = (
				53AB669A2A33A3A900C19CFA /* RegularTextFieldView.swift in Sources */,
				53AB66812A1E8EAF00C19CFA /* OnboardingViewModel.swift in Sources */,
				53AB65542A049BB600C19CFA /* RootCordinator.swift in Sources */,
				53AB66D42A42A8B000C19CFA /* AppState.swift in Sources */,
				53AB656A2A06BFEC00C19CFA /* C.swift in Sources */,
				53AB66BA2A38B34300C19CFA /* ErrorModal.swift in Sources */,
				53AB65972A0AD2EA00C19CFA /* ImageSystem.swift in Sources */,
				53AB66CC2A4235E600C19CFA /* SignInView.swift in Sources */,
				53AB66952A32878900C19CFA /* BottomSheetModal.swift in Sources */,
				530DA5AF2A4F12A700FE251C /* BottomBorderTextFieldView.swift in Sources */,
				53AB65682A06B66200C19CFA /* ColorSystem.swift in Sources */,
				53E2C13A2A5239A1001976DC /* TabHandler.swift in Sources */,
				53E2C13C2A532F88001976DC /* HabitLogCoreDataHelper.swift in Sources */,
				53AB66B22A38114A00C19CFA /* AccountNetworkHelper.swift in Sources */,
				53AB667C2A1E8E7F00C19CFA /* OnboardingViewController.swift in Sources */,
				53AB656F2A06C5AE00C19CFA /* FontSystemConfig.swift in Sources */,
				53AB65712A06C5C400C19CFA /* FontSystem.swift in Sources */,
				530DA59E2A4CD0B400FE251C /* CardView.swift in Sources */,
				53AB65AA2A0C8E6A00C19CFA /* SignUpViewController.swift in Sources */,
				53AB66782A1E66A600C19CFA /* TextFieldStyle.swift in Sources */,
				53AB656D2A06C38700C19CFA /* ColorSystemConfig.swift in Sources */,
				53AB65592A060D8300C19CFA /* LandingViewController.swift in Sources */,
				53AB65B82A11493800C19CFA /* BaseMods.swift in Sources */,
				530DA5A52A4D08B700FE251C /* HabitBuilderCDModel.xcdatamodeld in Sources */,
				53AB66A02A33B2FE00C19CFA /* RegularTextFieldGroupView.swift in Sources */,
				53AB65472A0169F000C19CFA /* AppDelegate.swift in Sources */,
				53AB65652A06B56D00C19CFA /* Resolver+Dependency.swift in Sources */,
				53AB65602A0616D000C19CFA /* Extension+UIView.swift in Sources */,
				53AB655D2A060E2C00C19CFA /* LandingView.swift in Sources */,
				53AB65AC2A0C8E7500C19CFA /* SignUpView.swift in Sources */,
				530DA5B32A4F6C8800FE251C /* HabitsState.swift in Sources */,
				53AB66D72A42A92300C19CFA /* UserState.swift in Sources */,
				53AB659B2A0B3A5300C19CFA /* ButtonStyle.swift in Sources */,
				53E2C1412A54F3AA001976DC /* HabitLogState.swift in Sources */,
				530DA5AA2A4E102F00FE251C /* Entities.swift in Sources */,
				530DA5AD2A4E4F6300FE251C /* UserCoreDataHelpers.swift in Sources */,
				53AB668A2A3110ED00C19CFA /* NavigationTransitions.swift in Sources */,
				53AB66872A30F7A900C19CFA /* IDViewController.swift in Sources */,
				53AB65492A0169FD00C19CFA /* SceneDelegate.swift in Sources */,
				53AB668C2A32445800C19CFA /* Loader.swift in Sources */,
				53AB66CE2A42369E00C19CFA /* SignInViewModel.swift in Sources */,
				53AB66C42A38B91900C19CFA /* ModalHelper.swift in Sources */,
				530DA5A72A4D09C000FE251C /* CoreDatabase.swift in Sources */,
				53E2C1382A51BD7E001976DC /* NavHandler.swift in Sources */,
				53AB667F2A1E8EA000C19CFA /* OnboardingView.swift in Sources */,
				530DA59C2A4CC2F500FE251C /* HomeViewModel.swift in Sources */,
				530DA5B12A4F67C600FE251C /* HabitCoreDataHelper.swift in Sources */,
				53E2C13F2A538432001976DC /* EntityDebugger.swift in Sources */,
				53AB65B02A0C8E9900C19CFA /* SignUpViewModel.swift in Sources */,
				53AB655B2A060D8F00C19CFA /* LandingViewModel.swift in Sources */,
				53AB66982A33795000C19CFA /* CommonValidators.swift in Sources */,
				530DA59A2A4CC2AA00FE251C /* HomeView.swift in Sources */,
			);
			runOnlyForDeploymentPostprocessing = 0;
		};
		53AB64E929FB046100C19CFA /* Sources */ = {
			isa = PBXSourcesBuildPhase;
			buildActionMask = 2147483647;
			files = (
				53AB65A12A0BE7A200C19CFA /* LandingScreenSnapshotTest.swift in Sources */,
				53AB66BB2A38B34300C19CFA /* ErrorModal.swift in Sources */,
				53AB66B32A38114A00C19CFA /* AccountNetworkHelper.swift in Sources */,
				53AB65A72A0BEC5000C19CFA /* TestConfig.swift in Sources */,
				53AB66C52A38B91900C19CFA /* ModalHelper.swift in Sources */,
			);
			runOnlyForDeploymentPostprocessing = 0;
		};
		53AB64F329FB046100C19CFA /* Sources */ = {
			isa = PBXSourcesBuildPhase;
			buildActionMask = 2147483647;
			files = (
				53AB64FC29FB046100C19CFA /* Habit_Builder_AppUITests.swift in Sources */,
				53AB66BC2A38B34300C19CFA /* ErrorModal.swift in Sources */,
				53AB66B42A38114A00C19CFA /* AccountNetworkHelper.swift in Sources */,
				53AB64FE29FB046100C19CFA /* Habit_Builder_AppUITestsLaunchTests.swift in Sources */,
				53AB66C62A38B91900C19CFA /* ModalHelper.swift in Sources */,
			);
			runOnlyForDeploymentPostprocessing = 0;
		};
/* End PBXSourcesBuildPhase section */

/* Begin PBXTargetDependency section */
		53AB64EF29FB046100C19CFA /* PBXTargetDependency */ = {
			isa = PBXTargetDependency;
			target = 53AB64DC29FB046000C19CFA /* Habit Builder App */;
			targetProxy = 53AB64EE29FB046100C19CFA /* PBXContainerItemProxy */;
		};
		53AB64F929FB046100C19CFA /* PBXTargetDependency */ = {
			isa = PBXTargetDependency;
			target = 53AB64DC29FB046000C19CFA /* Habit Builder App */;
			targetProxy = 53AB64F829FB046100C19CFA /* PBXContainerItemProxy */;
		};
/* End PBXTargetDependency section */

/* Begin XCBuildConfiguration section */
		53AB64FF29FB046100C19CFA /* Debug */ = {
			isa = XCBuildConfiguration;
			buildSettings = {
				ALWAYS_SEARCH_USER_PATHS = NO;
				CLANG_ANALYZER_NONNULL = YES;
				CLANG_ANALYZER_NUMBER_OBJECT_CONVERSION = YES_AGGRESSIVE;
				CLANG_CXX_LANGUAGE_STANDARD = "gnu++20";
				CLANG_ENABLE_MODULES = YES;
				CLANG_ENABLE_OBJC_ARC = YES;
				CLANG_ENABLE_OBJC_WEAK = YES;
				CLANG_WARN_BLOCK_CAPTURE_AUTORELEASING = YES;
				CLANG_WARN_BOOL_CONVERSION = YES;
				CLANG_WARN_COMMA = YES;
				CLANG_WARN_CONSTANT_CONVERSION = YES;
				CLANG_WARN_DEPRECATED_OBJC_IMPLEMENTATIONS = YES;
				CLANG_WARN_DIRECT_OBJC_ISA_USAGE = YES_ERROR;
				CLANG_WARN_DOCUMENTATION_COMMENTS = YES;
				CLANG_WARN_EMPTY_BODY = YES;
				CLANG_WARN_ENUM_CONVERSION = YES;
				CLANG_WARN_INFINITE_RECURSION = YES;
				CLANG_WARN_INT_CONVERSION = YES;
				CLANG_WARN_NON_LITERAL_NULL_CONVERSION = YES;
				CLANG_WARN_OBJC_IMPLICIT_RETAIN_SELF = YES;
				CLANG_WARN_OBJC_LITERAL_CONVERSION = YES;
				CLANG_WARN_OBJC_ROOT_CLASS = YES_ERROR;
				CLANG_WARN_QUOTED_INCLUDE_IN_FRAMEWORK_HEADER = YES;
				CLANG_WARN_RANGE_LOOP_ANALYSIS = YES;
				CLANG_WARN_STRICT_PROTOTYPES = YES;
				CLANG_WARN_SUSPICIOUS_MOVE = YES;
				CLANG_WARN_UNGUARDED_AVAILABILITY = YES_AGGRESSIVE;
				CLANG_WARN_UNREACHABLE_CODE = YES;
				CLANG_WARN__DUPLICATE_METHOD_MATCH = YES;
				COPY_PHASE_STRIP = NO;
				DEBUG_INFORMATION_FORMAT = dwarf;
				ENABLE_STRICT_OBJC_MSGSEND = YES;
				ENABLE_TESTABILITY = YES;
				GCC_C_LANGUAGE_STANDARD = gnu11;
				GCC_DYNAMIC_NO_PIC = NO;
				GCC_NO_COMMON_BLOCKS = YES;
				GCC_OPTIMIZATION_LEVEL = 0;
				GCC_PREPROCESSOR_DEFINITIONS = (
					"DEBUG=1",
					"$(inherited)",
				);
				GCC_WARN_64_TO_32_BIT_CONVERSION = YES;
				GCC_WARN_ABOUT_RETURN_TYPE = YES_ERROR;
				GCC_WARN_UNDECLARED_SELECTOR = YES;
				GCC_WARN_UNINITIALIZED_AUTOS = YES_AGGRESSIVE;
				GCC_WARN_UNUSED_FUNCTION = YES;
				GCC_WARN_UNUSED_VARIABLE = YES;
				IPHONEOS_DEPLOYMENT_TARGET = 16.4;
				MTL_ENABLE_DEBUG_INFO = INCLUDE_SOURCE;
				MTL_FAST_MATH = YES;
				ONLY_ACTIVE_ARCH = YES;
				SDKROOT = iphoneos;
				SWIFT_ACTIVE_COMPILATION_CONDITIONS = DEBUG;
				SWIFT_OPTIMIZATION_LEVEL = "-Onone";
			};
			name = Debug;
		};
		53AB650029FB046100C19CFA /* Release */ = {
			isa = XCBuildConfiguration;
			buildSettings = {
				ALWAYS_SEARCH_USER_PATHS = NO;
				CLANG_ANALYZER_NONNULL = YES;
				CLANG_ANALYZER_NUMBER_OBJECT_CONVERSION = YES_AGGRESSIVE;
				CLANG_CXX_LANGUAGE_STANDARD = "gnu++20";
				CLANG_ENABLE_MODULES = YES;
				CLANG_ENABLE_OBJC_ARC = YES;
				CLANG_ENABLE_OBJC_WEAK = YES;
				CLANG_WARN_BLOCK_CAPTURE_AUTORELEASING = YES;
				CLANG_WARN_BOOL_CONVERSION = YES;
				CLANG_WARN_COMMA = YES;
				CLANG_WARN_CONSTANT_CONVERSION = YES;
				CLANG_WARN_DEPRECATED_OBJC_IMPLEMENTATIONS = YES;
				CLANG_WARN_DIRECT_OBJC_ISA_USAGE = YES_ERROR;
				CLANG_WARN_DOCUMENTATION_COMMENTS = YES;
				CLANG_WARN_EMPTY_BODY = YES;
				CLANG_WARN_ENUM_CONVERSION = YES;
				CLANG_WARN_INFINITE_RECURSION = YES;
				CLANG_WARN_INT_CONVERSION = YES;
				CLANG_WARN_NON_LITERAL_NULL_CONVERSION = YES;
				CLANG_WARN_OBJC_IMPLICIT_RETAIN_SELF = YES;
				CLANG_WARN_OBJC_LITERAL_CONVERSION = YES;
				CLANG_WARN_OBJC_ROOT_CLASS = YES_ERROR;
				CLANG_WARN_QUOTED_INCLUDE_IN_FRAMEWORK_HEADER = YES;
				CLANG_WARN_RANGE_LOOP_ANALYSIS = YES;
				CLANG_WARN_STRICT_PROTOTYPES = YES;
				CLANG_WARN_SUSPICIOUS_MOVE = YES;
				CLANG_WARN_UNGUARDED_AVAILABILITY = YES_AGGRESSIVE;
				CLANG_WARN_UNREACHABLE_CODE = YES;
				CLANG_WARN__DUPLICATE_METHOD_MATCH = YES;
				COPY_PHASE_STRIP = NO;
				DEBUG_INFORMATION_FORMAT = "dwarf-with-dsym";
				ENABLE_NS_ASSERTIONS = NO;
				ENABLE_STRICT_OBJC_MSGSEND = YES;
				GCC_C_LANGUAGE_STANDARD = gnu11;
				GCC_NO_COMMON_BLOCKS = YES;
				GCC_WARN_64_TO_32_BIT_CONVERSION = YES;
				GCC_WARN_ABOUT_RETURN_TYPE = YES_ERROR;
				GCC_WARN_UNDECLARED_SELECTOR = YES;
				GCC_WARN_UNINITIALIZED_AUTOS = YES_AGGRESSIVE;
				GCC_WARN_UNUSED_FUNCTION = YES;
				GCC_WARN_UNUSED_VARIABLE = YES;
				IPHONEOS_DEPLOYMENT_TARGET = 16.4;
				MTL_ENABLE_DEBUG_INFO = NO;
				MTL_FAST_MATH = YES;
				SDKROOT = iphoneos;
				SWIFT_COMPILATION_MODE = wholemodule;
				SWIFT_OPTIMIZATION_LEVEL = "-O";
				VALIDATE_PRODUCT = YES;
			};
			name = Release;
		};
		53AB650229FB046100C19CFA /* Debug */ = {
			isa = XCBuildConfiguration;
			buildSettings = {
				ASSETCATALOG_COMPILER_APPICON_NAME = AppIcon;
				ASSETCATALOG_COMPILER_GLOBAL_ACCENT_COLOR_NAME = AccentColor;
				CODE_SIGN_STYLE = Automatic;
				CURRENT_PROJECT_VERSION = 1;
				DEVELOPMENT_ASSET_PATHS = "\"Habit Builder App/Preview Content\"";
				DEVELOPMENT_TEAM = Q68H52VN7T;
				ENABLE_PREVIEWS = YES;
				GENERATE_INFOPLIST_FILE = YES;
				INFOPLIST_FILE = "Habit-Builder-App-Info.plist";
				INFOPLIST_KEY_UIApplicationSceneManifest_Generation = YES;
				INFOPLIST_KEY_UIApplicationSupportsIndirectInputEvents = YES;
				INFOPLIST_KEY_UILaunchScreen_Generation = YES;
				INFOPLIST_KEY_UISupportedInterfaceOrientations_iPad = "UIInterfaceOrientationPortrait UIInterfaceOrientationPortraitUpsideDown UIInterfaceOrientationLandscapeLeft UIInterfaceOrientationLandscapeRight";
				INFOPLIST_KEY_UISupportedInterfaceOrientations_iPhone = "UIInterfaceOrientationPortrait UIInterfaceOrientationLandscapeLeft UIInterfaceOrientationLandscapeRight";
				LD_RUNPATH_SEARCH_PATHS = (
					"$(inherited)",
					"@executable_path/Frameworks",
				);
				MARKETING_VERSION = 1.0;
				PRODUCT_BUNDLE_IDENTIFIER = "jellyrio.Habit-Builder-App";
				PRODUCT_NAME = "$(TARGET_NAME)";
				SWIFT_EMIT_LOC_STRINGS = YES;
				SWIFT_VERSION = 5.0;
				TARGETED_DEVICE_FAMILY = "1,2";
			};
			name = Debug;
		};
		53AB650329FB046100C19CFA /* Release */ = {
			isa = XCBuildConfiguration;
			buildSettings = {
				ASSETCATALOG_COMPILER_APPICON_NAME = AppIcon;
				ASSETCATALOG_COMPILER_GLOBAL_ACCENT_COLOR_NAME = AccentColor;
				CODE_SIGN_STYLE = Automatic;
				CURRENT_PROJECT_VERSION = 1;
				DEVELOPMENT_ASSET_PATHS = "\"Habit Builder App/Preview Content\"";
				DEVELOPMENT_TEAM = Q68H52VN7T;
				ENABLE_PREVIEWS = YES;
				GENERATE_INFOPLIST_FILE = YES;
				INFOPLIST_FILE = "Habit-Builder-App-Info.plist";
				INFOPLIST_KEY_UIApplicationSceneManifest_Generation = YES;
				INFOPLIST_KEY_UIApplicationSupportsIndirectInputEvents = YES;
				INFOPLIST_KEY_UILaunchScreen_Generation = YES;
				INFOPLIST_KEY_UISupportedInterfaceOrientations_iPad = "UIInterfaceOrientationPortrait UIInterfaceOrientationPortraitUpsideDown UIInterfaceOrientationLandscapeLeft UIInterfaceOrientationLandscapeRight";
				INFOPLIST_KEY_UISupportedInterfaceOrientations_iPhone = "UIInterfaceOrientationPortrait UIInterfaceOrientationLandscapeLeft UIInterfaceOrientationLandscapeRight";
				LD_RUNPATH_SEARCH_PATHS = (
					"$(inherited)",
					"@executable_path/Frameworks",
				);
				MARKETING_VERSION = 1.0;
				PRODUCT_BUNDLE_IDENTIFIER = "jellyrio.Habit-Builder-App";
				PRODUCT_NAME = "$(TARGET_NAME)";
				SWIFT_EMIT_LOC_STRINGS = YES;
				SWIFT_VERSION = 5.0;
				TARGETED_DEVICE_FAMILY = "1,2";
			};
			name = Release;
		};
		53AB650529FB046100C19CFA /* Debug */ = {
			isa = XCBuildConfiguration;
			buildSettings = {
				ALWAYS_EMBED_SWIFT_STANDARD_LIBRARIES = YES;
				BUNDLE_LOADER = "$(TEST_HOST)";
				CODE_SIGN_STYLE = Automatic;
				CURRENT_PROJECT_VERSION = 1;
				GENERATE_INFOPLIST_FILE = YES;
				IPHONEOS_DEPLOYMENT_TARGET = 16.4;
				MARKETING_VERSION = 1.0;
				PRODUCT_BUNDLE_IDENTIFIER = "jellyrio.Habit-Builder-AppTests";
				PRODUCT_NAME = "$(TARGET_NAME)";
				SWIFT_EMIT_LOC_STRINGS = NO;
				SWIFT_VERSION = 5.0;
				TARGETED_DEVICE_FAMILY = "1,2";
				TEST_HOST = "$(BUILT_PRODUCTS_DIR)/Habit Builder App.app/$(BUNDLE_EXECUTABLE_FOLDER_PATH)/Habit Builder App";
			};
			name = Debug;
		};
		53AB650629FB046100C19CFA /* Release */ = {
			isa = XCBuildConfiguration;
			buildSettings = {
				ALWAYS_EMBED_SWIFT_STANDARD_LIBRARIES = YES;
				BUNDLE_LOADER = "$(TEST_HOST)";
				CODE_SIGN_STYLE = Automatic;
				CURRENT_PROJECT_VERSION = 1;
				GENERATE_INFOPLIST_FILE = YES;
				IPHONEOS_DEPLOYMENT_TARGET = 16.4;
				MARKETING_VERSION = 1.0;
				PRODUCT_BUNDLE_IDENTIFIER = "jellyrio.Habit-Builder-AppTests";
				PRODUCT_NAME = "$(TARGET_NAME)";
				SWIFT_EMIT_LOC_STRINGS = NO;
				SWIFT_VERSION = 5.0;
				TARGETED_DEVICE_FAMILY = "1,2";
				TEST_HOST = "$(BUILT_PRODUCTS_DIR)/Habit Builder App.app/$(BUNDLE_EXECUTABLE_FOLDER_PATH)/Habit Builder App";
			};
			name = Release;
		};
		53AB650829FB046100C19CFA /* Debug */ = {
			isa = XCBuildConfiguration;
			buildSettings = {
				ALWAYS_EMBED_SWIFT_STANDARD_LIBRARIES = YES;
				CODE_SIGN_STYLE = Automatic;
				CURRENT_PROJECT_VERSION = 1;
				GENERATE_INFOPLIST_FILE = YES;
				MARKETING_VERSION = 1.0;
				PRODUCT_BUNDLE_IDENTIFIER = "jellyrio.Habit-Builder-AppUITests";
				PRODUCT_NAME = "$(TARGET_NAME)";
				SWIFT_EMIT_LOC_STRINGS = NO;
				SWIFT_VERSION = 5.0;
				TARGETED_DEVICE_FAMILY = "1,2";
				TEST_TARGET_NAME = "Habit Builder App";
			};
			name = Debug;
		};
		53AB650929FB046100C19CFA /* Release */ = {
			isa = XCBuildConfiguration;
			buildSettings = {
				ALWAYS_EMBED_SWIFT_STANDARD_LIBRARIES = YES;
				CODE_SIGN_STYLE = Automatic;
				CURRENT_PROJECT_VERSION = 1;
				GENERATE_INFOPLIST_FILE = YES;
				MARKETING_VERSION = 1.0;
				PRODUCT_BUNDLE_IDENTIFIER = "jellyrio.Habit-Builder-AppUITests";
				PRODUCT_NAME = "$(TARGET_NAME)";
				SWIFT_EMIT_LOC_STRINGS = NO;
				SWIFT_VERSION = 5.0;
				TARGETED_DEVICE_FAMILY = "1,2";
				TEST_TARGET_NAME = "Habit Builder App";
			};
			name = Release;
		};
/* End XCBuildConfiguration section */

/* Begin XCConfigurationList section */
		53AB64D829FB046000C19CFA /* Build configuration list for PBXProject "Habit Builder App" */ = {
			isa = XCConfigurationList;
			buildConfigurations = (
				53AB64FF29FB046100C19CFA /* Debug */,
				53AB650029FB046100C19CFA /* Release */,
			);
			defaultConfigurationIsVisible = 0;
			defaultConfigurationName = Release;
		};
		53AB650129FB046100C19CFA /* Build configuration list for PBXNativeTarget "Habit Builder App" */ = {
			isa = XCConfigurationList;
			buildConfigurations = (
				53AB650229FB046100C19CFA /* Debug */,
				53AB650329FB046100C19CFA /* Release */,
			);
			defaultConfigurationIsVisible = 0;
			defaultConfigurationName = Release;
		};
		53AB650429FB046100C19CFA /* Build configuration list for PBXNativeTarget "Habit Builder AppTests" */ = {
			isa = XCConfigurationList;
			buildConfigurations = (
				53AB650529FB046100C19CFA /* Debug */,
				53AB650629FB046100C19CFA /* Release */,
			);
			defaultConfigurationIsVisible = 0;
			defaultConfigurationName = Release;
		};
		53AB650729FB046100C19CFA /* Build configuration list for PBXNativeTarget "Habit Builder AppUITests" */ = {
			isa = XCConfigurationList;
			buildConfigurations = (
				53AB650829FB046100C19CFA /* Debug */,
				53AB650929FB046100C19CFA /* Release */,
			);
			defaultConfigurationIsVisible = 0;
			defaultConfigurationName = Release;
		};
/* End XCConfigurationList section */

/* Begin XCRemoteSwiftPackageReference section */
		53AB65612A06B52E00C19CFA /* XCRemoteSwiftPackageReference "Factory" */ = {
			isa = XCRemoteSwiftPackageReference;
			repositoryURL = "https://github.com/hmlongco/Factory";
			requirement = {
				kind = upToNextMajorVersion;
				minimumVersion = 2.0.0;
			};
		};
		53AB659C2A0BE74800C19CFA /* XCRemoteSwiftPackageReference "swift-snapshot-testing" */ = {
			isa = XCRemoteSwiftPackageReference;
			repositoryURL = "https://github.com/pointfreeco/swift-snapshot-testing.git";
			requirement = {
				kind = upToNextMajorVersion;
				minimumVersion = 1.0.0;
			};
		};
		53AB668D2A3253F500C19CFA /* XCRemoteSwiftPackageReference "lottie-ios" */ = {
			isa = XCRemoteSwiftPackageReference;
			repositoryURL = "https://github.com/airbnb/lottie-ios";
			requirement = {
				kind = upToNextMajorVersion;
				minimumVersion = 4.0.0;
			};
		};
		53AB66A52A33DC2600C19CFA /* XCRemoteSwiftPackageReference "firebase-ios-sdk" */ = {
			isa = XCRemoteSwiftPackageReference;
			repositoryURL = "https://github.com/firebase/firebase-ios-sdk";
			requirement = {
				kind = upToNextMajorVersion;
				minimumVersion = 10.0.0;
			};
		};
		53AB66D02A42A86300C19CFA /* XCRemoteSwiftPackageReference "ReSwift" */ = {
			isa = XCRemoteSwiftPackageReference;
			repositoryURL = "https://github.com/ReSwift/ReSwift";
			requirement = {
				kind = upToNextMajorVersion;
				minimumVersion = 6.0.0;
			};
		};
/* End XCRemoteSwiftPackageReference section */

/* Begin XCSwiftPackageProductDependency section */
		53AB65622A06B52E00C19CFA /* Factory */ = {
			isa = XCSwiftPackageProductDependency;
			package = 53AB65612A06B52E00C19CFA /* XCRemoteSwiftPackageReference "Factory" */;
			productName = Factory;
		};
		53AB65A32A0BE94F00C19CFA /* SnapshotTesting */ = {
			isa = XCSwiftPackageProductDependency;
			package = 53AB659C2A0BE74800C19CFA /* XCRemoteSwiftPackageReference "swift-snapshot-testing" */;
			productName = SnapshotTesting;
		};
		53AB668E2A3253F500C19CFA /* Lottie */ = {
			isa = XCSwiftPackageProductDependency;
			package = 53AB668D2A3253F500C19CFA /* XCRemoteSwiftPackageReference "lottie-ios" */;
			productName = Lottie;
		};
		53AB66A62A33DC2600C19CFA /* FirebaseAnalytics */ = {
			isa = XCSwiftPackageProductDependency;
			package = 53AB66A52A33DC2600C19CFA /* XCRemoteSwiftPackageReference "firebase-ios-sdk" */;
			productName = FirebaseAnalytics;
		};
		53AB66A82A33DC2600C19CFA /* FirebaseAuth */ = {
			isa = XCSwiftPackageProductDependency;
			package = 53AB66A52A33DC2600C19CFA /* XCRemoteSwiftPackageReference "firebase-ios-sdk" */;
			productName = FirebaseAuth;
		};
		53AB66AA2A33DC2600C19CFA /* FirebaseAuthCombine-Community */ = {
			isa = XCSwiftPackageProductDependency;
			package = 53AB66A52A33DC2600C19CFA /* XCRemoteSwiftPackageReference "firebase-ios-sdk" */;
			productName = "FirebaseAuthCombine-Community";
		};
		53AB66AC2A33DC2600C19CFA /* FirebaseDatabase */ = {
			isa = XCSwiftPackageProductDependency;
			package = 53AB66A52A33DC2600C19CFA /* XCRemoteSwiftPackageReference "firebase-ios-sdk" */;
			productName = FirebaseDatabase;
		};
		53AB66AE2A33DC2600C19CFA /* FirebaseDatabaseSwift */ = {
			isa = XCSwiftPackageProductDependency;
			package = 53AB66A52A33DC2600C19CFA /* XCRemoteSwiftPackageReference "firebase-ios-sdk" */;
			productName = FirebaseDatabaseSwift;
		};
		53AB66D12A42A86300C19CFA /* ReSwift */ = {
			isa = XCSwiftPackageProductDependency;
			package = 53AB66D02A42A86300C19CFA /* XCRemoteSwiftPackageReference "ReSwift" */;
			productName = ReSwift;
		};
/* End XCSwiftPackageProductDependency section */

/* Begin XCVersionGroup section */
		530DA5A32A4D08B700FE251C /* HabitBuilderCDModel.xcdatamodeld */ = {
			isa = XCVersionGroup;
			children = (
				530DA5A42A4D08B700FE251C /* HabitBuilderCDModel.xcdatamodel */,
			);
			currentVersion = 530DA5A42A4D08B700FE251C /* HabitBuilderCDModel.xcdatamodel */;
			path = HabitBuilderCDModel.xcdatamodeld;
			sourceTree = "<group>";
			versionGroupType = wrapper.xcdatamodel;
		};
/* End XCVersionGroup section */
	};
	rootObject = 53AB64D529FB046000C19CFA /* Project object */;
}
